
Microsoft Visual Studio Solution File, Format Version 12.00
# Visual Studio Version 16
VisualStudioVersion = 16.0.32510.428
MinimumVisualStudioVersion = 10.0.40219.1
Project("{FAE04EC0-301F-11D3-BF4B-00C04F79EFBC}") = "Sorting", "Sorting.csproj", "{43AA6032-24B3-4432-A12F-E127FC0810D0}"
EndProject
Global
	GlobalSection(SolutionConfigurationPlatforms) = preSolution
		Debug|Any CPU = Debug|Any CPU
		Release|Any CPU = Release|Any CPU
	EndGlobalSection
	GlobalSection(ProjectConfigurationPlatforms) = postSolution
		{43AA6032-24B3-4432-A12F-E127FC0810D0}.Debug|Any CPU.ActiveCfg = Debug|Any CPU
		{43AA6032-24B3-4432-A12F-E127FC0810D0}.Debug|Any CPU.Build.0 = Debug|Any CPU
		{43AA6032-24B3-4432-A12F-E127FC0810D0}.Release|Any CPU.ActiveCfg = Release|Any CPU
		{43AA6032-24B3-4432-A12F-E127FC0810D0}.Release|Any CPU.Build.0 = Release|Any CPU
	EndGlobalSection
	GlobalSection(SolutionProperties) = preSolution
		HideSolutionNode = FALSE
	EndGlobalSection
	GlobalSection(ExtensibilityGlobals) = postSolution
		SolutionGuid = {3FA2B769-CC5F-48BD-B7AF-94CF524A65EC}
	EndGlobalSection
EndGlobal
